
Microsoft Visual Studio Solution File, Format Version 12.00
# Visual Studio Version 16
VisualStudioVersion = 16.0.30114.105
MinimumVisualStudioVersion = 10.0.40219.1
Project("{FAE04EC0-301F-11D3-BF4B-00C04F79EFBC}") = "R5T.Pickwich.Types", "R5T.Pickwich.Types\R5T.Pickwich.Types.csproj", "{23345353-797D-443A-B392-B8D64EABB90F}"
EndProject
Project("{FAE04EC0-301F-11D3-BF4B-00C04F79EFBC}") = "R5T.Pickwich.Types.Construction", "R5T.Pickwich.Types.Construction\R5T.Pickwich.Types.Construction.csproj", "{E3E3104A-380F-4D34-AA78-EFEBF76255DA}"
EndProject
Project("{FAE04EC0-301F-11D3-BF4B-00C04F79EFBC}") = "R5T.Pickwich.Types.Testing", "R5T.Pickwich.Types.Testing\R5T.Pickwich.Types.Testing.csproj", "{A52A6142-0B50-4DF8-9BC6-76D6BE004443}"
EndProject
Global
	GlobalSection(SolutionConfigurationPlatforms) = preSolution
		Debug|Any CPU = Debug|Any CPU
		Debug|x64 = Debug|x64
		Debug|x86 = Debug|x86
		Release|Any CPU = Release|Any CPU
		Release|x64 = Release|x64
		Release|x86 = Release|x86
	EndGlobalSection
	GlobalSection(SolutionProperties) = preSolution
		HideSolutionNode = FALSE
	EndGlobalSection
	GlobalSection(ProjectConfigurationPlatforms) = postSolution
		{23345353-797D-443A-B392-B8D64EABB90F}.Debug|Any CPU.ActiveCfg = Debug|Any CPU
		{23345353-797D-443A-B392-B8D64EABB90F}.Debug|Any CPU.Build.0 = Debug|Any CPU
		{23345353-797D-443A-B392-B8D64EABB90F}.Debug|x64.ActiveCfg = Debug|Any CPU
		{23345353-797D-443A-B392-B8D64EABB90F}.Debug|x64.Build.0 = Debug|Any CPU
		{23345353-797D-443A-B392-B8D64EABB90F}.Debug|x86.ActiveCfg = Debug|Any CPU
		{23345353-797D-443A-B392-B8D64EABB90F}.Debug|x86.Build.0 = Debug|Any CPU
		{23345353-797D-443A-B392-B8D64EABB90F}.Release|Any CPU.ActiveCfg = Release|Any CPU
		{23345353-797D-443A-B392-B8D64EABB90F}.Release|Any CPU.Build.0 = Release|Any CPU
		{23345353-797D-443A-B392-B8D64EABB90F}.Release|x64.ActiveCfg = Release|Any CPU
		{23345353-797D-443A-B392-B8D64EABB90F}.Release|x64.Build.0 = Release|Any CPU
		{23345353-797D-443A-B392-B8D64EABB90F}.Release|x86.ActiveCfg = Release|Any CPU
		{23345353-797D-443A-B392-B8D64EABB90F}.Release|x86.Build.0 = Release|Any CPU
		{E3E3104A-380F-4D34-AA78-EFEBF76255DA}.Debug|Any CPU.ActiveCfg = Debug|Any CPU
		{E3E3104A-380F-4D34-AA78-EFEBF76255DA}.Debug|Any CPU.Build.0 = Debug|Any CPU
		{E3E3104A-380F-4D34-AA78-EFEBF76255DA}.Debug|x64.ActiveCfg = Debug|Any CPU
		{E3E3104A-380F-4D34-AA78-EFEBF76255DA}.Debug|x64.Build.0 = Debug|Any CPU
		{E3E3104A-380F-4D34-AA78-EFEBF76255DA}.Debug|x86.ActiveCfg = Debug|Any CPU
		{E3E3104A-380F-4D34-AA78-EFEBF76255DA}.Debug|x86.Build.0 = Debug|Any CPU
		{E3E3104A-380F-4D34-AA78-EFEBF76255DA}.Release|Any CPU.ActiveCfg = Release|Any CPU
		{E3E3104A-380F-4D34-AA78-EFEBF76255DA}.Release|Any CPU.Build.0 = Release|Any CPU
		{E3E3104A-380F-4D34-AA78-EFEBF76255DA}.Release|x64.ActiveCfg = Release|Any CPU
		{E3E3104A-380F-4D34-AA78-EFEBF76255DA}.Release|x64.Build.0 = Release|Any CPU
		{E3E3104A-380F-4D34-AA78-EFEBF76255DA}.Release|x86.ActiveCfg = Release|Any CPU
		{E3E3104A-380F-4D34-AA78-EFEBF76255DA}.Release|x86.Build.0 = Release|Any CPU
		{A52A6142-0B50-4DF8-9BC6-76D6BE004443}.Debug|Any CPU.ActiveCfg = Debug|Any CPU
		{A52A6142-0B50-4DF8-9BC6-76D6BE004443}.Debug|Any CPU.Build.0 = Debug|Any CPU
		{A52A6142-0B50-4DF8-9BC6-76D6BE004443}.Debug|x64.ActiveCfg = Debug|Any CPU
		{A52A6142-0B50-4DF8-9BC6-76D6BE004443}.Debug|x64.Build.0 = Debug|Any CPU
		{A52A6142-0B50-4DF8-9BC6-76D6BE004443}.Debug|x86.ActiveCfg = Debug|Any CPU
		{A52A6142-0B50-4DF8-9BC6-76D6BE004443}.Debug|x86.Build.0 = Debug|Any CPU
		{A52A6142-0B50-4DF8-9BC6-76D6BE004443}.Release|Any CPU.ActiveCfg = Release|Any CPU
		{A52A6142-0B50-4DF8-9BC6-76D6BE004443}.Release|Any CPU.Build.0 = Release|Any CPU
		{A52A6142-0B50-4DF8-9BC6-76D6BE004443}.Release|x64.ActiveCfg = Release|Any CPU
		{A52A6142-0B50-4DF8-9BC6-76D6BE004443}.Release|x64.Build.0 = Release|Any CPU
		{A52A6142-0B50-4DF8-9BC6-76D6BE004443}.Release|x86.ActiveCfg = Release|Any CPU
		{A52A6142-0B50-4DF8-9BC6-76D6BE004443}.Release|x86.Build.0 = Release|Any CPU
	EndGlobalSection
EndGlobal
